
Microsoft Visual Studio Solution File, Format Version 12.00
# Visual Studio Version 17
VisualStudioVersion = 17.8.34004.107
MinimumVisualStudioVersion = 10.0.40219.1
Project("{FAE04EC0-301F-11D3-BF4B-00C04F79EFBC}") = "MySimpleProject(Pen,Book.)", "MySimpleProject(Pen,Book.).csproj", "{96DCBDE8-FB75-466E-B165-EF3436CC38DC}"
EndProject
Global
	GlobalSection(SolutionConfigurationPlatforms) = preSolution
		Debug|Any CPU = Debug|Any CPU
		Release|Any CPU = Release|Any CPU
	EndGlobalSection
	GlobalSection(ProjectConfigurationPlatforms) = postSolution
		{96DCBDE8-FB75-466E-B165-EF3436CC38DC}.Debug|Any CPU.ActiveCfg = Debug|Any CPU
		{96DCBDE8-FB75-466E-B165-EF3436CC38DC}.Debug|Any CPU.Build.0 = Debug|Any CPU
		{96DCBDE8-FB75-466E-B165-EF3436CC38DC}.Release|Any CPU.ActiveCfg = Release|Any CPU
		{96DCBDE8-FB75-466E-B165-EF3436CC38DC}.Release|Any CPU.Build.0 = Release|Any CPU
	EndGlobalSection
	GlobalSection(SolutionProperties) = preSolution
		HideSolutionNode = FALSE
	EndGlobalSection
	GlobalSection(ExtensibilityGlobals) = postSolution
		SolutionGuid = {22A2F3AA-A3F4-49EF-81DD-A10CA31FCC3D}
	EndGlobalSection
EndGlobal
